<?xml version="1.0" encoding="utf-8"?>
<Project ToolsVersion="4.0" xmlns="http://schemas.microsoft.com/developer/msbuild/2003">
  <ItemGroup>
    <Filter Include="Source Files">
      <UniqueIdentifier>{4FC737F1-C7A5-4376-A066-2A32D752A2FF}</UniqueIdentifier>
      <Extensions>cpp;c;cc;cxx;c++;cppm;ixx;def;odl;idl;hpj;bat;asm;asmx</Extensions>
    </Filter>
    <Filter Include="Header Files">
      <UniqueIdentifier>{93995380-89BD-4b04-88EB-625FBE52EBFB}</UniqueIdentifier>
      <Extensions>h;hh;hpp;hxx;h++;hm;inl;inc;ipp;xsd</Extensions>
    </Filter>
    <Filter Include="Resource Files">
      <UniqueIdentifier>{67DA6AB6-F800-4c08-8B7A-83BB121AAD01}</UniqueIdentifier>
      <Extensions>rc;ico;cur;bmp;dlg;rc2;rct;bin;rgs;gif;jpg;jpeg;jpe;resx;tiff;tif;png;wav;mfcribbon-ms</Extensions>
    </Filter>
    <Filter Include="Header Files\MineMap">
      <UniqueIdentifier>{ae445b1b-4c66-41ca-8bc9-fc9f1e317568}</UniqueIdentifier>
    </Filter>
    <Filter Include="Source Files\MineMap">
      <UniqueIdentifier>{edd456b8-56a4-4ad1-ac0a-6f03faf4d1e0}</UniqueIdentifier>
    </Filter>
    <Filter Include="Source Files\Utils">
      <UniqueIdentifier>{c3ff423e-b0c4-4686-b4a6-594758fe85b9}</UniqueIdentifier>
    </Filter>
    <Filter Include="Header Files\Utils">
      <UniqueIdentifier>{937f0357-ebfd-417e-9915-a4054205b310}</UniqueIdentifier>
    </Filter>
    <Filter Include="Header Files\Parsers">
      <UniqueIdentifier>{f3e02759-e481-446b-a084-2fac6c1f18e2}</UniqueIdentifier>
    </Filter>
    <Filter Include="Source Files\Parsers">
      <UniqueIdentifier>{add8a36f-d8b2-4e5b-9b54-922eb3126458}</UniqueIdentifier>
    </Filter>
  </ItemGroup>
  <ItemGroup>
    <ClCompile Include="Minesweeper.cpp">
      <Filter>Source Files</Filter>
    </ClCompile>
    <ClCompile Include="MineMap.cpp">
      <Filter>Source Files\MineMap</Filter>
    </ClCompile>
    <ClCompile Include="OutputFormatUtils.cpp">
      <Filter>Source Files\Utils</Filter>
    </ClCompile>
    <ClCompile Include="Parser.cpp">
      <Filter>Source Files\Parsers</Filter>
    </ClCompile>
    <ClCompile Include="PositionOutOfRangeException.cpp">
      <Filter>Source Files\MineMap</Filter>
    </ClCompile>
    <ClCompile Include="TooManyMinesException.cpp">
      <Filter>Source Files\MineMap</Filter>
    </ClCompile>
  </ItemGroup>
  <ItemGroup>
    <ClInclude Include="MineMap.h">
      <Filter>Header Files\MineMap</Filter>
    </ClInclude>
    <ClInclude Include="OutputFormatUtils.h">
      <Filter>Header Files\Utils</Filter>
    </ClInclude>
    <ClInclude Include="GameStatus.h">
      <Filter>Header Files\MineMap</Filter>
    </ClInclude>
    <ClInclude Include="GridStatus.h">
      <Filter>Header Files\MineMap</Filter>
    </ClInclude>
    <ClInclude Include="Parser.h">
      <Filter>Header Files\Parsers</Filter>
    </ClInclude>
    <ClInclude Include="PositionOutOfRangeException.h">
      <Filter>Header Files\MineMap</Filter>
    </ClInclude>
    <ClInclude Include="TooManyMinesException.h">
      <Filter>Header Files\MineMap</Filter>
    </ClInclude>
  </ItemGroup>
</Project>